
Microsoft Visual Studio Solution File, Format Version 12.00
# Visual Studio Version 17
VisualStudioVersion = 17.4.33122.133
MinimumVisualStudioVersion = 10.0.40219.1
Project("{9A19103F-16F7-4668-BE54-9A1E7A4F7556}") = "api", "api.csproj", "{1171ED9F-F72D-4705-9572-8C545FF2996E}"
EndProject
Global
	GlobalSection(SolutionConfigurationPlatforms) = preSolution
		Debug|Any CPU = Debug|Any CPU
		Release|Any CPU = Release|Any CPU
	EndGlobalSection
	GlobalSection(ProjectConfigurationPlatforms) = postSolution
		{1171ED9F-F72D-4705-9572-8C545FF2996E}.Debug|Any CPU.ActiveCfg = Debug|Any CPU
		{1171ED9F-F72D-4705-9572-8C545FF2996E}.Debug|Any CPU.Build.0 = Debug|Any CPU
		{1171ED9F-F72D-4705-9572-8C545FF2996E}.Release|Any CPU.ActiveCfg = Release|Any CPU
		{1171ED9F-F72D-4705-9572-8C545FF2996E}.Release|Any CPU.Build.0 = Release|Any CPU
	EndGlobalSection
	GlobalSection(SolutionProperties) = preSolution
		HideSolutionNode = FALSE
	EndGlobalSection
	GlobalSection(ExtensibilityGlobals) = postSolution
		SolutionGuid = {60CBB8B3-38BA-446A-A3DC-59F9FE41C588}
	EndGlobalSection
EndGlobal
